
Microsoft Visual Studio Solution File, Format Version 12.00
# Visual Studio Version 16
VisualStudioVersion = 16.0.29709.97
MinimumVisualStudioVersion = 10.0.40219.1
Project("{9A19103F-16F7-4668-BE54-9A1E7A4F7556}") = "Confy", "Confy\Confy.csproj", "{72E7EB46-A3A4-45FE-AE7B-FBF8D3615D9B}"
EndProject
Project("{9A19103F-16F7-4668-BE54-9A1E7A4F7556}") = "Confy.Git", "Confy.Git\Confy.Git.csproj", "{1E86EC3E-89B4-41B3-B37D-A6524A305855}"
EndProject
Project("{9A19103F-16F7-4668-BE54-9A1E7A4F7556}") = "ConfyConsole", "ConfyConsole\ConfyConsole.csproj", "{90F36B57-BE9A-4616-9654-6F592BF30E3C}"
EndProject
Project("{2150E333-8FDC-42A3-9474-1A3956D46DE8}") = "samples", "samples", "{724330C5-EF59-4162-B59D-3F53A44639A3}"
EndProject
Global
	GlobalSection(SolutionConfigurationPlatforms) = preSolution
		Debug|Any CPU = Debug|Any CPU
		Release|Any CPU = Release|Any CPU
	EndGlobalSection
	GlobalSection(ProjectConfigurationPlatforms) = postSolution
		{72E7EB46-A3A4-45FE-AE7B-FBF8D3615D9B}.Debug|Any CPU.ActiveCfg = Debug|Any CPU
		{72E7EB46-A3A4-45FE-AE7B-FBF8D3615D9B}.Debug|Any CPU.Build.0 = Debug|Any CPU
		{72E7EB46-A3A4-45FE-AE7B-FBF8D3615D9B}.Release|Any CPU.ActiveCfg = Release|Any CPU
		{72E7EB46-A3A4-45FE-AE7B-FBF8D3615D9B}.Release|Any CPU.Build.0 = Release|Any CPU
		{1E86EC3E-89B4-41B3-B37D-A6524A305855}.Debug|Any CPU.ActiveCfg = Debug|Any CPU
		{1E86EC3E-89B4-41B3-B37D-A6524A305855}.Debug|Any CPU.Build.0 = Debug|Any CPU
		{1E86EC3E-89B4-41B3-B37D-A6524A305855}.Release|Any CPU.ActiveCfg = Release|Any CPU
		{1E86EC3E-89B4-41B3-B37D-A6524A305855}.Release|Any CPU.Build.0 = Release|Any CPU
		{90F36B57-BE9A-4616-9654-6F592BF30E3C}.Debug|Any CPU.ActiveCfg = Debug|Any CPU
		{90F36B57-BE9A-4616-9654-6F592BF30E3C}.Debug|Any CPU.Build.0 = Debug|Any CPU
		{90F36B57-BE9A-4616-9654-6F592BF30E3C}.Release|Any CPU.ActiveCfg = Release|Any CPU
		{90F36B57-BE9A-4616-9654-6F592BF30E3C}.Release|Any CPU.Build.0 = Release|Any CPU
	EndGlobalSection
	GlobalSection(SolutionProperties) = preSolution
		HideSolutionNode = FALSE
	EndGlobalSection
	GlobalSection(NestedProjects) = preSolution
		{90F36B57-BE9A-4616-9654-6F592BF30E3C} = {724330C5-EF59-4162-B59D-3F53A44639A3}
	EndGlobalSection
	GlobalSection(ExtensibilityGlobals) = postSolution
		SolutionGuid = {97BACEC6-4304-4D2A-B4CF-743FABBEA43F}
	EndGlobalSection
EndGlobal
