
Microsoft Visual Studio Solution File, Format Version 12.00
# Visual Studio Version 16
VisualStudioVersion = 16.0.29709.97
MinimumVisualStudioVersion = 10.0.40219.1
Project("{9A19103F-16F7-4668-BE54-9A1E7A4F7556}") = "Confy", "Confy\Confy.csproj", "{72E7EB46-A3A4-45FE-AE7B-FBF8D3615D9B}"
EndProject
Project("{FAE04EC0-301F-11D3-BF4B-00C04F79EFBC}") = "Confy.Infrastructure", "Confy.Infrastructure\Confy.Infrastructure.csproj", "{56D0A5F8-DC54-4D36-BDCB-A983DC43EA27}"
EndProject
Project("{FAE04EC0-301F-11D3-BF4B-00C04F79EFBC}") = "Confy.Git", "Confy.Git\Confy.Git.csproj", "{1E86EC3E-89B4-41B3-B37D-A6524A305855}"
EndProject
Global
	GlobalSection(SolutionConfigurationPlatforms) = preSolution
		Debug|Any CPU = Debug|Any CPU
		Release|Any CPU = Release|Any CPU
	EndGlobalSection
	GlobalSection(ProjectConfigurationPlatforms) = postSolution
		{72E7EB46-A3A4-45FE-AE7B-FBF8D3615D9B}.Debug|Any CPU.ActiveCfg = Debug|Any CPU
		{72E7EB46-A3A4-45FE-AE7B-FBF8D3615D9B}.Debug|Any CPU.Build.0 = Debug|Any CPU
		{72E7EB46-A3A4-45FE-AE7B-FBF8D3615D9B}.Release|Any CPU.ActiveCfg = Release|Any CPU
		{72E7EB46-A3A4-45FE-AE7B-FBF8D3615D9B}.Release|Any CPU.Build.0 = Release|Any CPU
		{56D0A5F8-DC54-4D36-BDCB-A983DC43EA27}.Debug|Any CPU.ActiveCfg = Debug|Any CPU
		{56D0A5F8-DC54-4D36-BDCB-A983DC43EA27}.Debug|Any CPU.Build.0 = Debug|Any CPU
		{56D0A5F8-DC54-4D36-BDCB-A983DC43EA27}.Release|Any CPU.ActiveCfg = Release|Any CPU
		{56D0A5F8-DC54-4D36-BDCB-A983DC43EA27}.Release|Any CPU.Build.0 = Release|Any CPU
		{1E86EC3E-89B4-41B3-B37D-A6524A305855}.Debug|Any CPU.ActiveCfg = Debug|Any CPU
		{1E86EC3E-89B4-41B3-B37D-A6524A305855}.Debug|Any CPU.Build.0 = Debug|Any CPU
		{1E86EC3E-89B4-41B3-B37D-A6524A305855}.Release|Any CPU.ActiveCfg = Release|Any CPU
		{1E86EC3E-89B4-41B3-B37D-A6524A305855}.Release|Any CPU.Build.0 = Release|Any CPU
	EndGlobalSection
	GlobalSection(SolutionProperties) = preSolution
		HideSolutionNode = FALSE
	EndGlobalSection
	GlobalSection(ExtensibilityGlobals) = postSolution
		SolutionGuid = {97BACEC6-4304-4D2A-B4CF-743FABBEA43F}
	EndGlobalSection
EndGlobal
